
Microsoft Visual Studio Solution File, Format Version 12.00
# Visual Studio Version 16
VisualStudioVersion = 16.0.31025.194
MinimumVisualStudioVersion = 10.0.40219.1
Project("{FAE04EC0-301F-11D3-BF4B-00C04F79EFBC}") = "HashTable", "HashTable\HashTable.csproj", "{6C3ACD86-6C12-4751-8586-CEA8DCFCBA0B}"
EndProject
Global
	GlobalSection(SolutionConfigurationPlatforms) = preSolution
		Debug|Any CPU = Debug|Any CPU
		Release|Any CPU = Release|Any CPU
	EndGlobalSection
	GlobalSection(ProjectConfigurationPlatforms) = postSolution
		{6C3ACD86-6C12-4751-8586-CEA8DCFCBA0B}.Debug|Any CPU.ActiveCfg = Debug|Any CPU
		{6C3ACD86-6C12-4751-8586-CEA8DCFCBA0B}.Debug|Any CPU.Build.0 = Debug|Any CPU
		{6C3ACD86-6C12-4751-8586-CEA8DCFCBA0B}.Release|Any CPU.ActiveCfg = Release|Any CPU
		{6C3ACD86-6C12-4751-8586-CEA8DCFCBA0B}.Release|Any CPU.Build.0 = Release|Any CPU
	EndGlobalSection
	GlobalSection(SolutionProperties) = preSolution
		HideSolutionNode = FALSE
	EndGlobalSection
	GlobalSection(ExtensibilityGlobals) = postSolution
		SolutionGuid = {FF5301ED-A0BE-4BEE-9221-1E638A5D158E}
	EndGlobalSection
EndGlobal
